
Microsoft Visual Studio Solution File, Format Version 12.00
# Visual Studio Version 16
VisualStudioVersion = 16.0.30413.136
MinimumVisualStudioVersion = 10.0.40219.1
Project("{FAE04EC0-301F-11D3-BF4B-00C04F79EFBC}") = "Usuarios", "Usuarios\Usuarios.csproj", "{BE4E7A6E-23B3-4944-8384-7CCBFA61EFCE}"
EndProject
Global
	GlobalSection(SolutionConfigurationPlatforms) = preSolution
		Debug|Any CPU = Debug|Any CPU
		Release|Any CPU = Release|Any CPU
	EndGlobalSection
	GlobalSection(ProjectConfigurationPlatforms) = postSolution
		{BE4E7A6E-23B3-4944-8384-7CCBFA61EFCE}.Debug|Any CPU.ActiveCfg = Debug|Any CPU
		{BE4E7A6E-23B3-4944-8384-7CCBFA61EFCE}.Debug|Any CPU.Build.0 = Debug|Any CPU
		{BE4E7A6E-23B3-4944-8384-7CCBFA61EFCE}.Release|Any CPU.ActiveCfg = Release|Any CPU
		{BE4E7A6E-23B3-4944-8384-7CCBFA61EFCE}.Release|Any CPU.Build.0 = Release|Any CPU
	EndGlobalSection
	GlobalSection(SolutionProperties) = preSolution
		HideSolutionNode = FALSE
	EndGlobalSection
	GlobalSection(ExtensibilityGlobals) = postSolution
		SolutionGuid = {8D3997F3-B824-4700-8B8B-716042260E95}
	EndGlobalSection
EndGlobal
